// !$*UTF8*$!
{
	archiveVersion = 1;
	classes = {
	};
	objectVersion = 56;
	objects = {

/* Begin PBXBuildFile section */
		F057B46329E4E81A0075F386 /* AppDelegate.swift in Sources */ = {isa = PBXBuildFile; fileRef = F057B46229E4E81A0075F386 /* AppDelegate.swift */; };
		F057B46529E4E81A0075F386 /* SceneDelegate.swift in Sources */ = {isa = PBXBuildFile; fileRef = F057B46429E4E81A0075F386 /* SceneDelegate.swift */; };
		F057B46729E4E81A0075F386 /* ViewController.swift in Sources */ = {isa = PBXBuildFile; fileRef = F057B46629E4E81A0075F386 /* ViewController.swift */; };
		F057B46A29E4E81A0075F386 /* Main.storyboard in Resources */ = {isa = PBXBuildFile; fileRef = F057B46829E4E81A0075F386 /* Main.storyboard */; };
		F057B46D29E4E81A0075F386 /* SentiTable.xcdatamodeld in Sources */ = {isa = PBXBuildFile; fileRef = F057B46B29E4E81A0075F386 /* SentiTable.xcdatamodeld */; };
		F057B46F29E4E81B0075F386 /* Assets.xcassets in Resources */ = {isa = PBXBuildFile; fileRef = F057B46E29E4E81B0075F386 /* Assets.xcassets */; };
		F057B47229E4E81B0075F386 /* LaunchScreen.storyboard in Resources */ = {isa = PBXBuildFile; fileRef = F057B47029E4E81B0075F386 /* LaunchScreen.storyboard */; };
		F057B47A29E509280075F386 /* Type1.swift in Sources */ = {isa = PBXBuildFile; fileRef = F057B47929E509280075F386 /* Type1.swift */; };
		F083EE6429E59D9A00DA4082 /* NewsDetailController.swift in Sources */ = {isa = PBXBuildFile; fileRef = F083EE6329E59D9A00DA4082 /* NewsDetailController.swift */; };
/* End PBXBuildFile section */

/* Begin PBXFileReference section */
		F057B45F29E4E81A0075F386 /* SentiTable.app */ = {isa = PBXFileReference; explicitFileType = wrapper.application; includeInIndex = 0; path = SentiTable.app; sourceTree = BUILT_PRODUCTS_DIR; };
		F057B46229E4E81A0075F386 /* AppDelegate.swift */ = {isa = PBXFileReference; lastKnownFileType = sourcecode.swift; path = AppDelegate.swift; sourceTree = "<group>"; };
		F057B46429E4E81A0075F386 /* SceneDelegate.swift */ = {isa = PBXFileReference; lastKnownFileType = sourcecode.swift; path = SceneDelegate.swift; sourceTree = "<group>"; };
		F057B46629E4E81A0075F386 /* ViewController.swift */ = {isa = PBXFileReference; lastKnownFileType = sourcecode.swift; path = ViewController.swift; sourceTree = "<group>"; };
		F057B46929E4E81A0075F386 /* Base */ = {isa = PBXFileReference; lastKnownFileType = file.storyboard; name = Base; path = Base.lproj/Main.storyboard; sourceTree = "<group>"; };
		F057B46C29E4E81A0075F386 /* SentiTable.xcdatamodel */ = {isa = PBXFileReference; lastKnownFileType = wrapper.xcdatamodel; path = SentiTable.xcdatamodel; sourceTree = "<group>"; };
		F057B46E29E4E81B0075F386 /* Assets.xcassets */ = {isa = PBXFileReference; lastKnownFileType = folder.assetcatalog; path = Assets.xcassets; sourceTree = "<group>"; };
		F057B47129E4E81B0075F386 /* Base */ = {isa = PBXFileReference; lastKnownFileType = file.storyboard; name = Base; path = Base.lproj/LaunchScreen.storyboard; sourceTree = "<group>"; };
		F057B47329E4E81B0075F386 /* Info.plist */ = {isa = PBXFileReference; lastKnownFileType = text.plist.xml; path = Info.plist; sourceTree = "<group>"; };
		F057B47929E509280075F386 /* Type1.swift */ = {isa = PBXFileReference; lastKnownFileType = sourcecode.swift; path = Type1.swift; sourceTree = "<group>"; };
		F083EE6329E59D9A00DA4082 /* NewsDetailController.swift */ = {isa = PBXFileReference; lastKnownFileType = sourcecode.swift; path = NewsDetailController.swift; sourceTree = "<group>"; };
/* End PBXFileReference section */

/* Begin PBXFrameworksBuildPhase section */
		F057B45C29E4E81A0075F386 /* Frameworks */ = {
			isa = PBXFrameworksBuildPhase;
			buildActionMask = 2147483647;
			files = (
			);
			runOnlyForDeploymentPostprocessing = 0;
		};
/* End PBXFrameworksBuildPhase section */

/* Begin PBXGroup section */
		F057B45629E4E81A0075F386 = {
			isa = PBXGroup;
			children = (
				F057B46129E4E81A0075F386 /* NewsApp */,
				F057B46029E4E81A0075F386 /* Products */,
			);
			sourceTree = "<group>";
		};
		F057B46029E4E81A0075F386 /* Products */ = {
			isa = PBXGroup;
			children = (
				F057B45F29E4E81A0075F386 /* SentiTable.app */,
			);
			name = Products;
			sourceTree = "<group>";
		};
		F057B46129E4E81A0075F386 /* NewsApp */ = {
			isa = PBXGroup;
			children = (
				F057B46229E4E81A0075F386 /* AppDelegate.swift */,
				F057B46429E4E81A0075F386 /* SceneDelegate.swift */,
				F057B46629E4E81A0075F386 /* ViewController.swift */,
				F057B46829E4E81A0075F386 /* Main.storyboard */,
				F057B46E29E4E81B0075F386 /* Assets.xcassets */,
				F057B47029E4E81B0075F386 /* LaunchScreen.storyboard */,
				F057B47329E4E81B0075F386 /* Info.plist */,
				F057B46B29E4E81A0075F386 /* SentiTable.xcdatamodeld */,
				F057B47929E509280075F386 /* Type1.swift */,
				F083EE6329E59D9A00DA4082 /* NewsDetailController.swift */,
			);
			path = NewsApp;
			sourceTree = "<group>";
		};
/* End PBXGroup section */

/* Begin PBXNativeTarget section */
		F057B45E29E4E81A0075F386 /* SentiTable */ = {
			isa = PBXNativeTarget;
			buildConfigurationList = F057B47629E4E81B0075F386 /* Build configuration list for PBXNativeTarget "SentiTable" */;
			buildPhases = (
				F057B45B29E4E81A0075F386 /* Sources */,
				F057B45C29E4E81A0075F386 /* Frameworks */,
				F057B45D29E4E81A0075F386 /* Resources */,
			);
			buildRules = (
			);
			dependencies = (
			);
			name = SentiTable;
			productName = SentiTable;
			productReference = F057B45F29E4E81A0075F386 /* SentiTable.app */;
			productType = "com.apple.product-type.application";
		};
/* End PBXNativeTarget section */

/* Begin PBXProject section */
		F057B45729E4E81A0075F386 /* Project object */ = {
			isa = PBXProject;
			attributes = {
				BuildIndependentTargetsInParallel = 1;
				LastSwiftUpdateCheck = 1430;
				LastUpgradeCheck = 1430;
				TargetAttributes = {
					F057B45E29E4E81A0075F386 = {
						CreatedOnToolsVersion = 14.3;
					};
				};
			};
			buildConfigurationList = F057B45A29E4E81A0075F386 /* Build configuration list for PBXProject "SentiTable" */;
			compatibilityVersion = "Xcode 14.0";
			developmentRegion = en;
			hasScannedForEncodings = 0;
			knownRegions = (
				en,
				Base,
			);
			mainGroup = F057B45629E4E81A0075F386;
			productRefGroup = F057B46029E4E81A0075F386 /* Products */;
			projectDirPath = "";
			projectRoot = "";
			targets = (
				F057B45E29E4E81A0075F386 /* SentiTable */,
			);
		};
/* End PBXProject section */

/* Begin PBXResourcesBuildPhase section */
		F057B45D29E4E81A0075F386 /* Resources */ = {
			isa = PBXResourcesBuildPhase;
			buildActionMask = 2147483647;
			files = (
				F057B47229E4E81B0075F386 /* LaunchScreen.storyboard in Resources */,
				F057B46F29E4E81B0075F386 /* Assets.xcassets in Resources */,
				F057B46A29E4E81A0075F386 /* Main.storyboard in Resources */,
			);
			runOnlyForDeploymentPostprocessing = 0;
		};
/* End PBXResourcesBuildPhase section */

/* Begin PBXSourcesBuildPhase section */
		F057B45B29E4E81A0075F386 /* Sources */ = {
			isa = PBXSourcesBuildPhase;
			buildActionMask = 2147483647;
			files = (
				F057B46729E4E81A0075F386 /* ViewController.swift in Sources */,
				F057B46329E4E81A0075F386 /* AppDelegate.swift in Sources */,
				F057B46D29E4E81A0075F386 /* SentiTable.xcdatamodeld in Sources */,
				F083EE6429E59D9A00DA4082 /* NewsDetailController.swift in Sources */,
				F057B46529E4E81A0075F386 /* SceneDelegate.swift in Sources */,
				F057B47A29E509280075F386 /* Type1.swift in Sources */,
			);
			runOnlyForDeploymentPostprocessing = 0;
		};
/* End PBXSourcesBuildPhase section */

/* Begin PBXVariantGroup section */
		F057B46829E4E81A0075F386 /* Main.storyboard */ = {
			isa = PBXVariantGroup;
			children = (
				F057B46929E4E81A0075F386 /* Base */,
			);
			name = Main.storyboard;
			sourceTree = "<group>";
		};
		F057B47029E4E81B0075F386 /* LaunchScreen.storyboard */ = {
			isa = PBXVariantGroup;
			children = (
				F057B47129E4E81B0075F386 /* Base */,
			);
			name = LaunchScreen.storyboard;
			sourceTree = "<group>";
		};
/* End PBXVariantGroup section */

/* Begin XCBuildConfiguration section */
		F057B47429E4E81B0075F386 /* Debug */ = {
			isa = XCBuildConfiguration;
			buildSettings = {
				ALWAYS_SEARCH_USER_PATHS = NO;
				CLANG_ANALYZER_NONNULL = YES;
				CLANG_ANALYZER_NUMBER_OBJECT_CONVERSION = YES_AGGRESSIVE;
				CLANG_CXX_LANGUAGE_STANDARD = "gnu++20";
				CLANG_ENABLE_MODULES = YES;
				CLANG_ENABLE_OBJC_ARC = YES;
				CLANG_ENABLE_OBJC_WEAK = YES;
				CLANG_WARN_BLOCK_CAPTURE_AUTORELEASING = YES;
				CLANG_WARN_BOOL_CONVERSION = YES;
				CLANG_WARN_COMMA = YES;
				CLANG_WARN_CONSTANT_CONVERSION = YES;
				CLANG_WARN_DEPRECATED_OBJC_IMPLEMENTATIONS = YES;
				CLANG_WARN_DIRECT_OBJC_ISA_USAGE = YES_ERROR;
				CLANG_WARN_DOCUMENTATION_COMMENTS = YES;
				CLANG_WARN_EMPTY_BODY = YES;
				CLANG_WARN_ENUM_CONVERSION = YES;
				CLANG_WARN_INFINITE_RECURSION = YES;
				CLANG_WARN_INT_CONVERSION = YES;
				CLANG_WARN_NON_LITERAL_NULL_CONVERSION = YES;
				CLANG_WARN_OBJC_IMPLICIT_RETAIN_SELF = YES;
				CLANG_WARN_OBJC_LITERAL_CONVERSION = YES;
				CLANG_WARN_OBJC_ROOT_CLASS = YES_ERROR;
				CLANG_WARN_QUOTED_INCLUDE_IN_FRAMEWORK_HEADER = YES;
				CLANG_WARN_RANGE_LOOP_ANALYSIS = YES;
				CLANG_WARN_STRICT_PROTOTYPES = YES;
				CLANG_WARN_SUSPICIOUS_MOVE = YES;
				CLANG_WARN_UNGUARDED_AVAILABILITY = YES_AGGRESSIVE;
				CLANG_WARN_UNREACHABLE_CODE = YES;
				CLANG_WARN__DUPLICATE_METHOD_MATCH = YES;
				COPY_PHASE_STRIP = NO;
				DEBUG_INFORMATION_FORMAT = dwarf;
				ENABLE_STRICT_OBJC_MSGSEND = YES;
				ENABLE_TESTABILITY = YES;
				GCC_C_LANGUAGE_STANDARD = gnu11;
				GCC_DYNAMIC_NO_PIC = NO;
				GCC_NO_COMMON_BLOCKS = YES;
				GCC_OPTIMIZATION_LEVEL = 0;
				GCC_PREPROCESSOR_DEFINITIONS = (
					"DEBUG=1",
					"$(inherited)",
				);
				GCC_WARN_64_TO_32_BIT_CONVERSION = YES;
				GCC_WARN_ABOUT_RETURN_TYPE = YES_ERROR;
				GCC_WARN_UNDECLARED_SELECTOR = YES;
				GCC_WARN_UNINITIALIZED_AUTOS = YES_AGGRESSIVE;
				GCC_WARN_UNUSED_FUNCTION = YES;
				GCC_WARN_UNUSED_VARIABLE = YES;
				IPHONEOS_DEPLOYMENT_TARGET = 16.4;
				MTL_ENABLE_DEBUG_INFO = INCLUDE_SOURCE;
				MTL_FAST_MATH = YES;
				ONLY_ACTIVE_ARCH = YES;
				SDKROOT = iphoneos;
				SWIFT_ACTIVE_COMPILATION_CONDITIONS = DEBUG;
				SWIFT_OPTIMIZATION_LEVEL = "-Onone";
			};
			name = Debug;
		};
		F057B47529E4E81B0075F386 /* Release */ = {
			isa = XCBuildConfiguration;
			buildSettings = {
				ALWAYS_SEARCH_USER_PATHS = NO;
				CLANG_ANALYZER_NONNULL = YES;
				CLANG_ANALYZER_NUMBER_OBJECT_CONVERSION = YES_AGGRESSIVE;
				CLANG_CXX_LANGUAGE_STANDARD = "gnu++20";
				CLANG_ENABLE_MODULES = YES;
				CLANG_ENABLE_OBJC_ARC = YES;
				CLANG_ENABLE_OBJC_WEAK = YES;
				CLANG_WARN_BLOCK_CAPTURE_AUTORELEASING = YES;
				CLANG_WARN_BOOL_CONVERSION = YES;
				CLANG_WARN_COMMA = YES;
				CLANG_WARN_CONSTANT_CONVERSION = YES;
				CLANG_WARN_DEPRECATED_OBJC_IMPLEMENTATIONS = YES;
				CLANG_WARN_DIRECT_OBJC_ISA_USAGE = YES_ERROR;
				CLANG_WARN_DOCUMENTATION_COMMENTS = YES;
				CLANG_WARN_EMPTY_BODY = YES;
				CLANG_WARN_ENUM_CONVERSION = YES;
				CLANG_WARN_INFINITE_RECURSION = YES;
				CLANG_WARN_INT_CONVERSION = YES;
				CLANG_WARN_NON_LITERAL_NULL_CONVERSION = YES;
				CLANG_WARN_OBJC_IMPLICIT_RETAIN_SELF = YES;
				CLANG_WARN_OBJC_LITERAL_CONVERSION = YES;
				CLANG_WARN_OBJC_ROOT_CLASS = YES_ERROR;
				CLANG_WARN_QUOTED_INCLUDE_IN_FRAMEWORK_HEADER = YES;
				CLANG_WARN_RANGE_LOOP_ANALYSIS = YES;
				CLANG_WARN_STRICT_PROTOTYPES = YES;
				CLANG_WARN_SUSPICIOUS_MOVE = YES;
				CLANG_WARN_UNGUARDED_AVAILABILITY = YES_AGGRESSIVE;
				CLANG_WARN_UNREACHABLE_CODE = YES;
				CLANG_WARN__DUPLICATE_METHOD_MATCH = YES;
				COPY_PHASE_STRIP = NO;
				DEBUG_INFORMATION_FORMAT = "dwarf-with-dsym";
				ENABLE_NS_ASSERTIONS = NO;
				ENABLE_STRICT_OBJC_MSGSEND = YES;
				GCC_C_LANGUAGE_STANDARD = gnu11;
				GCC_NO_COMMON_BLOCKS = YES;
				GCC_WARN_64_TO_32_BIT_CONVERSION = YES;
				GCC_WARN_ABOUT_RETURN_TYPE = YES_ERROR;
				GCC_WARN_UNDECLARED_SELECTOR = YES;
				GCC_WARN_UNINITIALIZED_AUTOS = YES_AGGRESSIVE;
				GCC_WARN_UNUSED_FUNCTION = YES;
				GCC_WARN_UNUSED_VARIABLE = YES;
				IPHONEOS_DEPLOYMENT_TARGET = 16.4;
				MTL_ENABLE_DEBUG_INFO = NO;
				MTL_FAST_MATH = YES;
				SDKROOT = iphoneos;
				SWIFT_COMPILATION_MODE = wholemodule;
				SWIFT_OPTIMIZATION_LEVEL = "-O";
				VALIDATE_PRODUCT = YES;
			};
			name = Release;
		};
		F057B47729E4E81B0075F386 /* Debug */ = {
			isa = XCBuildConfiguration;
			buildSettings = {
				ASSETCATALOG_COMPILER_APPICON_NAME = AppIcon;
				ASSETCATALOG_COMPILER_GLOBAL_ACCENT_COLOR_NAME = AccentColor;
				CODE_SIGN_STYLE = Automatic;
				CURRENT_PROJECT_VERSION = 1;
				DEVELOPMENT_TEAM = DK4FJ4RF74;
				GENERATE_INFOPLIST_FILE = YES;
				INFOPLIST_FILE = SentiTable/Info.plist;
				INFOPLIST_KEY_UIApplicationSupportsIndirectInputEvents = YES;
				INFOPLIST_KEY_UILaunchStoryboardName = LaunchScreen;
				INFOPLIST_KEY_UIMainStoryboardFile = Main;
				INFOPLIST_KEY_UISupportedInterfaceOrientations_iPad = "UIInterfaceOrientationPortrait UIInterfaceOrientationPortraitUpsideDown UIInterfaceOrientationLandscapeLeft UIInterfaceOrientationLandscapeRight";
				INFOPLIST_KEY_UISupportedInterfaceOrientations_iPhone = "UIInterfaceOrientationPortrait UIInterfaceOrientationLandscapeLeft UIInterfaceOrientationLandscapeRight";
				LD_RUNPATH_SEARCH_PATHS = (
					"$(inherited)",
					"@executable_path/Frameworks",
				);
				MARKETING_VERSION = 1.0;
				PRODUCT_BUNDLE_IDENTIFIER = Won.SentiTable;
				PRODUCT_NAME = "$(TARGET_NAME)";
				SWIFT_EMIT_LOC_STRINGS = YES;
				SWIFT_VERSION = 5.0;
				TARGETED_DEVICE_FAMILY = "1,2";
			};
			name = Debug;
		};
		F057B47829E4E81B0075F386 /* Release */ = {
			isa = XCBuildConfiguration;
			buildSettings = {
				ASSETCATALOG_COMPILER_APPICON_NAME = AppIcon;
				ASSETCATALOG_COMPILER_GLOBAL_ACCENT_COLOR_NAME = AccentColor;
				CODE_SIGN_STYLE = Automatic;
				CURRENT_PROJECT_VERSION = 1;
				DEVELOPMENT_TEAM = DK4FJ4RF74;
				GENERATE_INFOPLIST_FILE = YES;
				INFOPLIST_FILE = SentiTable/Info.plist;
				INFOPLIST_KEY_UIApplicationSupportsIndirectInputEvents = YES;
				INFOPLIST_KEY_UILaunchStoryboardName = LaunchScreen;
				INFOPLIST_KEY_UIMainStoryboardFile = Main;
				INFOPLIST_KEY_UISupportedInterfaceOrientations_iPad = "UIInterfaceOrientationPortrait UIInterfaceOrientationPortraitUpsideDown UIInterfaceOrientationLandscapeLeft UIInterfaceOrientationLandscapeRight";
				INFOPLIST_KEY_UISupportedInterfaceOrientations_iPhone = "UIInterfaceOrientationPortrait UIInterfaceOrientationLandscapeLeft UIInterfaceOrientationLandscapeRight";
				LD_RUNPATH_SEARCH_PATHS = (
					"$(inherited)",
					"@executable_path/Frameworks",
				);
				MARKETING_VERSION = 1.0;
				PRODUCT_BUNDLE_IDENTIFIER = Won.SentiTable;
				PRODUCT_NAME = "$(TARGET_NAME)";
				SWIFT_EMIT_LOC_STRINGS = YES;
				SWIFT_VERSION = 5.0;
				TARGETED_DEVICE_FAMILY = "1,2";
			};
			name = Release;
		};
/* End XCBuildConfiguration section */

/* Begin XCConfigurationList section */
		F057B45A29E4E81A0075F386 /* Build configuration list for PBXProject "SentiTable" */ = {
			isa = XCConfigurationList;
			buildConfigurations = (
				F057B47429E4E81B0075F386 /* Debug */,
				F057B47529E4E81B0075F386 /* Release */,
			);
			defaultConfigurationIsVisible = 0;
			defaultConfigurationName = Release;
		};
		F057B47629E4E81B0075F386 /* Build configuration list for PBXNativeTarget "SentiTable" */ = {
			isa = XCConfigurationList;
			buildConfigurations = (
				F057B47729E4E81B0075F386 /* Debug */,
				F057B47829E4E81B0075F386 /* Release */,
			);
			defaultConfigurationIsVisible = 0;
			defaultConfigurationName = Release;
		};
/* End XCConfigurationList section */

/* Begin XCVersionGroup section */
		F057B46B29E4E81A0075F386 /* SentiTable.xcdatamodeld */ = {
			isa = XCVersionGroup;
			children = (
				F057B46C29E4E81A0075F386 /* SentiTable.xcdatamodel */,
			);
			currentVersion = F057B46C29E4E81A0075F386 /* SentiTable.xcdatamodel */;
			path = SentiTable.xcdatamodeld;
			sourceTree = "<group>";
			versionGroupType = wrapper.xcdatamodel;
		};
/* End XCVersionGroup section */
	};
	rootObject = F057B45729E4E81A0075F386 /* Project object */;
}
